# THIS IS AN AUTOGENERATED FILE. DO NOT EDIT THIS FILE DIRECTLY.
# yarn lockfile v1


"@hoge/sample-module@^1.0.1":
  version "1.0.1"
  resolved "http://localhost:4873/@hoge/sample-module/-/sample-module-1.0.1.tgz#54a5742c57661e7581576ca3e018afefb9c907fa"
  integrity sha512-zYRxKmVCve+wdJpBJpHrMYI/egX3q1AbJhaIKh1vdiotVrg9YOYjqCfVkinupYhtijGpxUiGrxF8g8JxxSuQtg==
